Microsoft Visual Studio Solution File, Format Version 12.00
# Visual Studio Version 17
VisualStudioVersion = 17.0.31903.59
MinimumVisualStudioVersion = 10.0.40219.1
Project("{FAE04EC0-301F-11D3-BF4B-00C04F79EFBC}") = "AiPlanner.Domain", "src\AiPlanner.Domain\AiPlanner.Domain.csproj", "{11111111-0000-0000-0000-000000000001}"
EndProject
Project("{FAE04EC0-301F-11D3-BF4B-00C04F79EFBC}") = "AiPlanner.Application", "src\AiPlanner.Application\AiPlanner.Application.csproj", "{11111111-0000-0000-0000-000000000002}"
EndProject
Project("{FAE04EC0-301F-11D3-BF4B-00C04F79EFBC}") = "AiPlanner.Infrastructure", "src\AiPlanner.Infrastructure\AiPlanner.Infrastructure.csproj", "{11111111-0000-0000-0000-000000000003}"
EndProject
Project("{FAE04EC0-301F-11D3-BF4B-00C04F79EFBC}") = "AiPlanner.Api", "src\AiPlanner.Api\AiPlanner.Api.csproj", "{11111111-0000-0000-0000-000000000004}"
EndProject
Project("{FAE04EC0-301F-11D3-BF4B-00C04F79EFBC}") = "AiPlanner.Application.Tests", "tests\AiPlanner.Application.Tests\AiPlanner.Application.Tests.csproj", "{11111111-0000-0000-0000-000000000005}"
EndProject
Project("{FAE04EC0-301F-11D3-BF4B-00C04F79EFBC}") = "AiPlanner.AppHost", "src\AiPlanner.AppHost\AiPlanner.AppHost.csproj", "{11111111-0000-0000-0000-000000000006}"
EndProject
Project("{FAE04EC0-301F-11D3-BF4B-00C04F79EFBC}") = "AiPlanner.ServiceDefaults", "src\AiPlanner.ServiceDefaults\AiPlanner.ServiceDefaults.csproj", "{11111111-0000-0000-0000-000000000007}"
EndProject
Global
	GlobalSection(SolutionConfigurationPlatforms) = preSolution
		Debug|Any CPU = Debug|Any CPU
		Release|Any CPU = Release|Any CPU
	EndGlobalSection
	GlobalSection(ProjectConfigurationPlatforms) = postSolution
		{11111111-0000-0000-0000-000000000001}.Debug|Any CPU.ActiveCfg = Debug|Any CPU
		{11111111-0000-0000-0000-000000000001}.Debug|Any CPU.Build.0 = Debug|Any CPU
		{11111111-0000-0000-0000-000000000001}.Release|Any CPU.ActiveCfg = Release|Any CPU
		{11111111-0000-0000-0000-000000000001}.Release|Any CPU.Build.0 = Release|Any CPU
		{11111111-0000-0000-0000-000000000002}.Debug|Any CPU.ActiveCfg = Debug|Any CPU
		{11111111-0000-0000-0000-000000000002}.Debug|Any CPU.Build.0 = Debug|Any CPU
		{11111111-0000-0000-0000-000000000002}.Release|Any CPU.ActiveCfg = Release|Any CPU
		{11111111-0000-0000-0000-000000000002}.Release|Any CPU.Build.0 = Release|Any CPU
		{11111111-0000-0000-0000-000000000003}.Debug|Any CPU.ActiveCfg = Debug|Any CPU
		{11111111-0000-0000-0000-000000000003}.Debug|Any CPU.Build.0 = Debug|Any CPU
		{11111111-0000-0000-0000-000000000003}.Release|Any CPU.ActiveCfg = Release|Any CPU
		{11111111-0000-0000-0000-000000000003}.Release|Any CPU.Build.0 = Release|Any CPU
		{11111111-0000-0000-0000-000000000004}.Debug|Any CPU.ActiveCfg = Debug|Any CPU
		{11111111-0000-0000-0000-000000000004}.Debug|Any CPU.Build.0 = Debug|Any CPU
		{11111111-0000-0000-0000-000000000004}.Release|Any CPU.ActiveCfg = Release|Any CPU
		{11111111-0000-0000-0000-000000000004}.Release|Any CPU.Build.0 = Release|Any CPU
		{11111111-0000-0000-0000-000000000005}.Debug|Any CPU.ActiveCfg = Debug|Any CPU
		{11111111-0000-0000-0000-000000000005}.Debug|Any CPU.Build.0 = Debug|Any CPU
		{11111111-0000-0000-0000-000000000005}.Release|Any CPU.ActiveCfg = Release|Any CPU
		{11111111-0000-0000-0000-000000000005}.Release|Any CPU.Build.0 = Release|Any CPU
		{11111111-0000-0000-0000-000000000006}.Debug|Any CPU.ActiveCfg = Debug|Any CPU
		{11111111-0000-0000-0000-000000000006}.Debug|Any CPU.Build.0 = Debug|Any CPU
		{11111111-0000-0000-0000-000000000006}.Release|Any CPU.ActiveCfg = Release|Any CPU
		{11111111-0000-0000-0000-000000000006}.Release|Any CPU.Build.0 = Release|Any CPU
		{11111111-0000-0000-0000-000000000007}.Debug|Any CPU.ActiveCfg = Debug|Any CPU
		{11111111-0000-0000-0000-000000000007}.Debug|Any CPU.Build.0 = Debug|Any CPU
		{11111111-0000-0000-0000-000000000007}.Release|Any CPU.ActiveCfg = Release|Any CPU
		{11111111-0000-0000-0000-000000000007}.Release|Any CPU.Build.0 = Release|Any CPU
	EndGlobalSection
EndGlobal
